
Microsoft Visual Studio Solution File, Format Version 12.00
# Visual Studio Version 17
VisualStudioVersion = 17.1.32210.238
MinimumVisualStudioVersion = 10.0.40219.1
Project("{FAE04EC0-301F-11D3-BF4B-00C04F79EFBC}") = "TestingSystem", "TestingSystem\TestingSystem.csproj", "{7926EAB3-5A35-49DA-9A99-916DBC181751}"
EndProject
Global
	GlobalSection(SolutionConfigurationPlatforms) = preSolution
		Debug|Any CPU = Debug|Any CPU
		Release|Any CPU = Release|Any CPU
	EndGlobalSection
	GlobalSection(ProjectConfigurationPlatforms) = postSolution
		{7926EAB3-5A35-49DA-9A99-916DBC181751}.Debug|Any CPU.ActiveCfg = Debug|Any CPU
		{7926EAB3-5A35-49DA-9A99-916DBC181751}.Debug|Any CPU.Build.0 = Debug|Any CPU
		{7926EAB3-5A35-49DA-9A99-916DBC181751}.Release|Any CPU.ActiveCfg = Release|Any CPU
		{7926EAB3-5A35-49DA-9A99-916DBC181751}.Release|Any CPU.Build.0 = Release|Any CPU
	EndGlobalSection
	GlobalSection(SolutionProperties) = preSolution
		HideSolutionNode = FALSE
	EndGlobalSection
	GlobalSection(ExtensibilityGlobals) = postSolution
		SolutionGuid = {1DB99C88-E27D-4C49-BE0A-2DC961C5A432}
	EndGlobalSection
EndGlobal
